
Microsoft Visual Studio Solution File, Format Version 12.00
# Visual Studio Version 17
VisualStudioVersion = 17.11.35219.272
MinimumVisualStudioVersion = 10.0.40219.1
Project("{FAE04EC0-301F-11D3-BF4B-00C04F79EFBC}") = "08_Records", "08_Records\08_Records.csproj", "{09E58FEE-DA3D-4618-B8B1-1EFF1F9512FB}"
EndProject
Global
	GlobalSection(SolutionConfigurationPlatforms) = preSolution
		Debug|Any CPU = Debug|Any CPU
		Release|Any CPU = Release|Any CPU
	EndGlobalSection
	GlobalSection(ProjectConfigurationPlatforms) = postSolution
		{09E58FEE-DA3D-4618-B8B1-1EFF1F9512FB}.Debug|Any CPU.ActiveCfg = Debug|Any CPU
		{09E58FEE-DA3D-4618-B8B1-1EFF1F9512FB}.Debug|Any CPU.Build.0 = Debug|Any CPU
		{09E58FEE-DA3D-4618-B8B1-1EFF1F9512FB}.Release|Any CPU.ActiveCfg = Release|Any CPU
		{09E58FEE-DA3D-4618-B8B1-1EFF1F9512FB}.Release|Any CPU.Build.0 = Release|Any CPU
	EndGlobalSection
	GlobalSection(SolutionProperties) = preSolution
		HideSolutionNode = FALSE
	EndGlobalSection
	GlobalSection(ExtensibilityGlobals) = postSolution
		SolutionGuid = {52E93FC7-C76B-475D-A0A3-9BAD8244584C}
	EndGlobalSection
EndGlobal
