
Microsoft Visual Studio Solution File, Format Version 12.00
# Visual Studio Version 17
VisualStudioVersion = 17.11.35219.272
MinimumVisualStudioVersion = 10.0.40219.1
Project("{FAE04EC0-301F-11D3-BF4B-00C04F79EFBC}") = "05_Rethrowing_Exceptions", "05_Rethrowing_Exceptions\05_Rethrowing_Exceptions.csproj", "{F861CF2B-821B-4EE3-A1A5-95A9A3EB8864}"
EndProject
Global
	GlobalSection(SolutionConfigurationPlatforms) = preSolution
		Debug|Any CPU = Debug|Any CPU
		Release|Any CPU = Release|Any CPU
	EndGlobalSection
	GlobalSection(ProjectConfigurationPlatforms) = postSolution
		{F861CF2B-821B-4EE3-A1A5-95A9A3EB8864}.Debug|Any CPU.ActiveCfg = Debug|Any CPU
		{F861CF2B-821B-4EE3-A1A5-95A9A3EB8864}.Debug|Any CPU.Build.0 = Debug|Any CPU
		{F861CF2B-821B-4EE3-A1A5-95A9A3EB8864}.Release|Any CPU.ActiveCfg = Release|Any CPU
		{F861CF2B-821B-4EE3-A1A5-95A9A3EB8864}.Release|Any CPU.Build.0 = Release|Any CPU
	EndGlobalSection
	GlobalSection(SolutionProperties) = preSolution
		HideSolutionNode = FALSE
	EndGlobalSection
	GlobalSection(ExtensibilityGlobals) = postSolution
		SolutionGuid = {510662E6-7307-4FD8-9FD3-3F9821147D2F}
	EndGlobalSection
EndGlobal
