
Microsoft Visual Studio Solution File, Format Version 12.00
# Visual Studio Version 17
VisualStudioVersion = 17.11.35219.272
MinimumVisualStudioVersion = 10.0.40219.1
Project("{FAE04EC0-301F-11D3-BF4B-00C04F79EFBC}") = "14_Gold_Price_Notifications", "14_Gold_Price_Notifications\14_Gold_Price_Notifications.csproj", "{A60E7048-B4ED-4E88-9451-3C019C46173B}"
EndProject
Global
	GlobalSection(SolutionConfigurationPlatforms) = preSolution
		Debug|Any CPU = Debug|Any CPU
		Release|Any CPU = Release|Any CPU
	EndGlobalSection
	GlobalSection(ProjectConfigurationPlatforms) = postSolution
		{A60E7048-B4ED-4E88-9451-3C019C46173B}.Debug|Any CPU.ActiveCfg = Debug|Any CPU
		{A60E7048-B4ED-4E88-9451-3C019C46173B}.Debug|Any CPU.Build.0 = Debug|Any CPU
		{A60E7048-B4ED-4E88-9451-3C019C46173B}.Release|Any CPU.ActiveCfg = Release|Any CPU
		{A60E7048-B4ED-4E88-9451-3C019C46173B}.Release|Any CPU.Build.0 = Release|Any CPU
	EndGlobalSection
	GlobalSection(SolutionProperties) = preSolution
		HideSolutionNode = FALSE
	EndGlobalSection
	GlobalSection(ExtensibilityGlobals) = postSolution
		SolutionGuid = {C45D65AD-9977-420E-B2E9-6CD8066BCC82}
	EndGlobalSection
EndGlobal
