
Microsoft Visual Studio Solution File, Format Version 12.00
# Visual Studio Version 17
VisualStudioVersion = 17.11.35219.272
MinimumVisualStudioVersion = 10.0.40219.1
Project("{FAE04EC0-301F-11D3-BF4B-00C04F79EFBC}") = "05_Custom_Exceptions", "05_Custom_Exceptions\05_Custom_Exceptions.csproj", "{44E1A9FE-C084-4F45-B611-0FA364C470EC}"
EndProject
Global
	GlobalSection(SolutionConfigurationPlatforms) = preSolution
		Debug|Any CPU = Debug|Any CPU
		Release|Any CPU = Release|Any CPU
	EndGlobalSection
	GlobalSection(ProjectConfigurationPlatforms) = postSolution
		{44E1A9FE-C084-4F45-B611-0FA364C470EC}.Debug|Any CPU.ActiveCfg = Debug|Any CPU
		{44E1A9FE-C084-4F45-B611-0FA364C470EC}.Debug|Any CPU.Build.0 = Debug|Any CPU
		{44E1A9FE-C084-4F45-B611-0FA364C470EC}.Release|Any CPU.ActiveCfg = Release|Any CPU
		{44E1A9FE-C084-4F45-B611-0FA364C470EC}.Release|Any CPU.Build.0 = Release|Any CPU
	EndGlobalSection
	GlobalSection(SolutionProperties) = preSolution
		HideSolutionNode = FALSE
	EndGlobalSection
	GlobalSection(ExtensibilityGlobals) = postSolution
		SolutionGuid = {938EE45A-1D52-4F96-9267-B112C8015AAF}
	EndGlobalSection
EndGlobal
