
Microsoft Visual Studio Solution File, Format Version 12.00
# Visual Studio Version 17
VisualStudioVersion = 17.11.35219.272
MinimumVisualStudioVersion = 10.0.40219.1
Project("{FAE04EC0-301F-11D3-BF4B-00C04F79EFBC}") = "06_Generic_Methods_SwapTwoItems", "06_Generic_Methods_SwapTwoItems\06_Generic_Methods_SwapTwoItems.csproj", "{6791137A-6D2B-4FE6-8DE0-63166E6A2542}"
EndProject
Global
	GlobalSection(SolutionConfigurationPlatforms) = preSolution
		Debug|Any CPU = Debug|Any CPU
		Release|Any CPU = Release|Any CPU
	EndGlobalSection
	GlobalSection(ProjectConfigurationPlatforms) = postSolution
		{6791137A-6D2B-4FE6-8DE0-63166E6A2542}.Debug|Any CPU.ActiveCfg = Debug|Any CPU
		{6791137A-6D2B-4FE6-8DE0-63166E6A2542}.Debug|Any CPU.Build.0 = Debug|Any CPU
		{6791137A-6D2B-4FE6-8DE0-63166E6A2542}.Release|Any CPU.ActiveCfg = Release|Any CPU
		{6791137A-6D2B-4FE6-8DE0-63166E6A2542}.Release|Any CPU.Build.0 = Release|Any CPU
	EndGlobalSection
	GlobalSection(SolutionProperties) = preSolution
		HideSolutionNode = FALSE
	EndGlobalSection
	GlobalSection(ExtensibilityGlobals) = postSolution
		SolutionGuid = {BF051673-32E6-4CF6-8FF2-DD0D87EFC622}
	EndGlobalSection
EndGlobal
