
Microsoft Visual Studio Solution File, Format Version 12.00
# Visual Studio Version 17
VisualStudioVersion = 17.11.35219.272
MinimumVisualStudioVersion = 10.0.40219.1
Project("{FAE04EC0-301F-11D3-BF4B-00C04F79EFBC}") = "06_Tuples", "06_Tuples\06_Tuples.csproj", "{61FF89E8-A3C3-46B6-ABA1-FC4DFC00F601}"
EndProject
Global
	GlobalSection(SolutionConfigurationPlatforms) = preSolution
		Debug|Any CPU = Debug|Any CPU
		Release|Any CPU = Release|Any CPU
	EndGlobalSection
	GlobalSection(ProjectConfigurationPlatforms) = postSolution
		{61FF89E8-A3C3-46B6-ABA1-FC4DFC00F601}.Debug|Any CPU.ActiveCfg = Debug|Any CPU
		{61FF89E8-A3C3-46B6-ABA1-FC4DFC00F601}.Debug|Any CPU.Build.0 = Debug|Any CPU
		{61FF89E8-A3C3-46B6-ABA1-FC4DFC00F601}.Release|Any CPU.ActiveCfg = Release|Any CPU
		{61FF89E8-A3C3-46B6-ABA1-FC4DFC00F601}.Release|Any CPU.Build.0 = Release|Any CPU
	EndGlobalSection
	GlobalSection(SolutionProperties) = preSolution
		HideSolutionNode = FALSE
	EndGlobalSection
	GlobalSection(ExtensibilityGlobals) = postSolution
		SolutionGuid = {75507C84-69A5-486D-B767-B0E3ACA7DD50}
	EndGlobalSection
EndGlobal
