
Microsoft Visual Studio Solution File, Format Version 12.00
# Visual Studio Version 17
VisualStudioVersion = 17.11.35219.272
MinimumVisualStudioVersion = 10.0.40219.1
Project("{FAE04EC0-301F-11D3-BF4B-00C04F79EFBC}") = "03_Strings_Transformator", "03_Strings_Transformator\03_Strings_Transformator.csproj", "{B755DB84-D315-4B5D-A5E4-0612B83D3A7A}"
EndProject
Global
	GlobalSection(SolutionConfigurationPlatforms) = preSolution
		Debug|Any CPU = Debug|Any CPU
		Release|Any CPU = Release|Any CPU
	EndGlobalSection
	GlobalSection(ProjectConfigurationPlatforms) = postSolution
		{B755DB84-D315-4B5D-A5E4-0612B83D3A7A}.Debug|Any CPU.ActiveCfg = Debug|Any CPU
		{B755DB84-D315-4B5D-A5E4-0612B83D3A7A}.Debug|Any CPU.Build.0 = Debug|Any CPU
		{B755DB84-D315-4B5D-A5E4-0612B83D3A7A}.Release|Any CPU.ActiveCfg = Release|Any CPU
		{B755DB84-D315-4B5D-A5E4-0612B83D3A7A}.Release|Any CPU.Build.0 = Release|Any CPU
	EndGlobalSection
	GlobalSection(SolutionProperties) = preSolution
		HideSolutionNode = FALSE
	EndGlobalSection
	GlobalSection(ExtensibilityGlobals) = postSolution
		SolutionGuid = {788BDC9F-D120-4884-8B1D-ED5577BD1B3B}
	EndGlobalSection
EndGlobal
